
Microsoft Visual Studio Solution File, Format Version 12.00
# Visual Studio Version 16
VisualStudioVersion = 16.0.30104.148
MinimumVisualStudioVersion = 10.0.40219.1
Project("{8BC9CEB8-8B4A-11D0-8D11-00A0C91BC942}") = "serial_Gauss", "serial_Gauss.vcxproj", "{0A4CAA76-F4F2-4C5E-96BC-CB3C8CFD5180}"
EndProject
Global
	GlobalSection(SolutionConfigurationPlatforms) = preSolution
		Debug|x64 = Debug|x64
		Debug|x86 = Debug|x86
		Release|x64 = Release|x64
		Release|x86 = Release|x86
	EndGlobalSection
	GlobalSection(ProjectConfigurationPlatforms) = postSolution
		{0A4CAA76-F4F2-4C5E-96BC-CB3C8CFD5180}.Debug|x64.ActiveCfg = Debug|x64
		{0A4CAA76-F4F2-4C5E-96BC-CB3C8CFD5180}.Debug|x64.Build.0 = Debug|x64
		{0A4CAA76-F4F2-4C5E-96BC-CB3C8CFD5180}.Debug|x86.ActiveCfg = Debug|Win32
		{0A4CAA76-F4F2-4C5E-96BC-CB3C8CFD5180}.Debug|x86.Build.0 = Debug|Win32
		{0A4CAA76-F4F2-4C5E-96BC-CB3C8CFD5180}.Release|x64.ActiveCfg = Release|x64
		{0A4CAA76-F4F2-4C5E-96BC-CB3C8CFD5180}.Release|x64.Build.0 = Release|x64
		{0A4CAA76-F4F2-4C5E-96BC-CB3C8CFD5180}.Release|x86.ActiveCfg = Release|Win32
		{0A4CAA76-F4F2-4C5E-96BC-CB3C8CFD5180}.Release|x86.Build.0 = Release|Win32
	EndGlobalSection
	GlobalSection(SolutionProperties) = preSolution
		HideSolutionNode = FALSE
	EndGlobalSection
	GlobalSection(ExtensibilityGlobals) = postSolution
		SolutionGuid = {18E8787C-602B-414A-815B-38893E1BD68A}
	EndGlobalSection
EndGlobal
